PODS:
  - MJRefresh (0.0.1)
  - Shimmer (1.0.2)
  - SKSplashView (0.1.0)

DEPENDENCIES:
  - MJRefresh
  - Shimmer (~> 1.0.2)
  - SKSplashView

SPEC CHECKSUMS:
  MJRefresh: 02638d90855109026754562b7507e5c5eabfcc65
  Shimmer: 057fcfe9c1c978d69d50b64fce93a61080cd08ec
  SKSplashView: 1cff0ac7bae5539e65b5b638fb25e59a1e43f681

COCOAPODS: 0.35.0
